
Microsoft Visual Studio Solution File, Format Version 12.00
Project("{FAE04EC0-301F-11D3-BF4B-00C04F79EFBC}") = "Dev.App", "src\Dev.App\Dev.App.csproj", "{2223C488-B7FE-4F52-A146-529647DAC8D1}"
EndProject
Project("{FAE04EC0-301F-11D3-BF4B-00C04F79EFBC}") = "Dev.Business", "src\Dev.Business\Dev.Business.csproj", "{1C3915C2-5B9B-4F7D-A4DF-677CE17DEC10}"
EndProject
Project("{FAE04EC0-301F-11D3-BF4B-00C04F79EFBC}") = "Dev.Data", "src\Dev.Data\Dev.Data.csproj", "{4C64014B-CEE9-4E5A-99C1-89BA35870555}"
EndProject
Global
	GlobalSection(SolutionConfigurationPlatforms) = preSolution
		Debug|Any CPU = Debug|Any CPU
		Release|Any CPU = Release|Any CPU
	EndGlobalSection
	GlobalSection(ProjectConfigurationPlatforms) = postSolution
	EndGlobalSection
EndGlobal
